// !$*UTF8*$!
{
	archiveVersion = 1;
	classes = {
	};
	objectVersion = 56;
	objects = {

/* Begin PBXBuildFile section */
		A41C676D2A6540E8003446A8 /* AppDelegate.swift in Sources */ = {isa = PBXBuildFile; fileRef = A41C676C2A6540E8003446A8 /* AppDelegate.swift */; };
		A41C676F2A6540E8003446A8 /* SceneDelegate.swift in Sources */ = {isa = PBXBuildFile; fileRef = A41C676E2A6540E8003446A8 /* SceneDelegate.swift */; };
		A41C67712A6540E8003446A8 /* ViewController.swift in Sources */ = {isa = PBXBuildFile; fileRef = A41C67702A6540E8003446A8 /* ViewController.swift */; };
		A41C67742A6540E8003446A8 /* Main.storyboard in Resources */ = {isa = PBXBuildFile; fileRef = A41C67722A6540E8003446A8 /* Main.storyboard */; };
		A41C67762A6540ED003446A8 /* Assets.xcassets in Resources */ = {isa = PBXBuildFile; fileRef = A41C67752A6540ED003446A8 /* Assets.xcassets */; };
		A41C67792A6540ED003446A8 /* LaunchScreen.storyboard in Resources */ = {isa = PBXBuildFile; fileRef = A41C67772A6540ED003446A8 /* LaunchScreen.storyboard */; };
		A41C67A02A6543AA003446A8 /* nssl0049.jpg in Resources */ = {isa = PBXBuildFile; fileRef = A41C67962A6543AA003446A8 /* nssl0049.jpg */; };
		A41C67A12A6543AA003446A8 /* nssl0046.jpg in Resources */ = {isa = PBXBuildFile; fileRef = A41C67972A6543AA003446A8 /* nssl0046.jpg */; };
		A41C67A22A6543AA003446A8 /* nssl0091.jpg in Resources */ = {isa = PBXBuildFile; fileRef = A41C67982A6543AA003446A8 /* nssl0091.jpg */; };
		A41C67A32A6543AA003446A8 /* nssl0045.jpg in Resources */ = {isa = PBXBuildFile; fileRef = A41C67992A6543AA003446A8 /* nssl0045.jpg */; };
		A41C67A42A6543AA003446A8 /* nssl0051.jpg in Resources */ = {isa = PBXBuildFile; fileRef = A41C679A2A6543AA003446A8 /* nssl0051.jpg */; };
		A41C67A52A6543AA003446A8 /* nssl0041.jpg in Resources */ = {isa = PBXBuildFile; fileRef = A41C679B2A6543AA003446A8 /* nssl0041.jpg */; };
		A41C67A62A6543AA003446A8 /* nssl0042.jpg in Resources */ = {isa = PBXBuildFile; fileRef = A41C679C2A6543AA003446A8 /* nssl0042.jpg */; };
		A41C67A72A6543AA003446A8 /* nssl0043.jpg in Resources */ = {isa = PBXBuildFile; fileRef = A41C679D2A6543AA003446A8 /* nssl0043.jpg */; };
		A41C67A82A6543AA003446A8 /* nssl0033.jpg in Resources */ = {isa = PBXBuildFile; fileRef = A41C679E2A6543AA003446A8 /* nssl0033.jpg */; };
		A41C67A92A6543AA003446A8 /* nssl0034.jpg in Resources */ = {isa = PBXBuildFile; fileRef = A41C679F2A6543AA003446A8 /* nssl0034.jpg */; };
		A41C67AB2A655868003446A8 /* DetailVC.swift in Sources */ = {isa = PBXBuildFile; fileRef = A41C67AA2A655868003446A8 /* DetailVC.swift */; };
/* End PBXBuildFile section */

/* Begin PBXFileReference section */
		A41C67692A6540E8003446A8 /* Project1.app */ = {isa = PBXFileReference; explicitFileType = wrapper.application; includeInIndex = 0; path = Project1.app; sourceTree = BUILT_PRODUCTS_DIR; };
		A41C676C2A6540E8003446A8 /* AppDelegate.swift */ = {isa = PBXFileReference; lastKnownFileType = sourcecode.swift; path = AppDelegate.swift; sourceTree = "<group>"; };
		A41C676E2A6540E8003446A8 /* SceneDelegate.swift */ = {isa = PBXFileReference; lastKnownFileType = sourcecode.swift; path = SceneDelegate.swift; sourceTree = "<group>"; };
		A41C67702A6540E8003446A8 /* ViewController.swift */ = {isa = PBXFileReference; lastKnownFileType = sourcecode.swift; path = ViewController.swift; sourceTree = "<group>"; };
		A41C67732A6540E8003446A8 /* Base */ = {isa = PBXFileReference; lastKnownFileType = file.storyboard; name = Base; path = Base.lproj/Main.storyboard; sourceTree = "<group>"; };
		A41C67752A6540ED003446A8 /* Assets.xcassets */ = {isa = PBXFileReference; lastKnownFileType = folder.assetcatalog; path = Assets.xcassets; sourceTree = "<group>"; };
		A41C67782A6540ED003446A8 /* Base */ = {isa = PBXFileReference; lastKnownFileType = file.storyboard; name = Base; path = Base.lproj/LaunchScreen.storyboard; sourceTree = "<group>"; };
		A41C677A2A6540ED003446A8 /* Info.plist */ = {isa = PBXFileReference; lastKnownFileType = text.plist.xml; path = Info.plist; sourceTree = "<group>"; };
		A41C67962A6543AA003446A8 /* nssl0049.jpg */ = {isa = PBXFileReference; lastKnownFileType = image.jpeg; path = nssl0049.jpg; sourceTree = "<group>"; };
		A41C67972A6543AA003446A8 /* nssl0046.jpg */ = {isa = PBXFileReference; lastKnownFileType = image.jpeg; path = nssl0046.jpg; sourceTree = "<group>"; };
		A41C67982A6543AA003446A8 /* nssl0091.jpg */ = {isa = PBXFileReference; lastKnownFileType = image.jpeg; path = nssl0091.jpg; sourceTree = "<group>"; };
		A41C67992A6543AA003446A8 /* nssl0045.jpg */ = {isa = PBXFileReference; lastKnownFileType = image.jpeg; path = nssl0045.jpg; sourceTree = "<group>"; };
		A41C679A2A6543AA003446A8 /* nssl0051.jpg */ = {isa = PBXFileReference; lastKnownFileType = image.jpeg; path = nssl0051.jpg; sourceTree = "<group>"; };
		A41C679B2A6543AA003446A8 /* nssl0041.jpg */ = {isa = PBXFileReference; lastKnownFileType = image.jpeg; path = nssl0041.jpg; sourceTree = "<group>"; };
		A41C679C2A6543AA003446A8 /* nssl0042.jpg */ = {isa = PBXFileReference; lastKnownFileType = image.jpeg; path = nssl0042.jpg; sourceTree = "<group>"; };
		A41C679D2A6543AA003446A8 /* nssl0043.jpg */ = {isa = PBXFileReference; lastKnownFileType = image.jpeg; path = nssl0043.jpg; sourceTree = "<group>"; };
		A41C679E2A6543AA003446A8 /* nssl0033.jpg */ = {isa = PBXFileReference; lastKnownFileType = image.jpeg; path = nssl0033.jpg; sourceTree = "<group>"; };
		A41C679F2A6543AA003446A8 /* nssl0034.jpg */ = {isa = PBXFileReference; lastKnownFileType = image.jpeg; path = nssl0034.jpg; sourceTree = "<group>"; };
		A41C67AA2A655868003446A8 /* DetailVC.swift */ = {isa = PBXFileReference; lastKnownFileType = sourcecode.swift; path = DetailVC.swift; sourceTree = "<group>"; };
/* End PBXFileReference section */

/* Begin PBXFrameworksBuildPhase section */
		A41C67662A6540E8003446A8 /* Frameworks */ = {
			isa = PBXFrameworksBuildPhase;
			buildActionMask = 2147483647;
			files = (
			);
			runOnlyForDeploymentPostprocessing = 0;
		};
/* End PBXFrameworksBuildPhase section */

/* Begin PBXGroup section */
		A41C67602A6540E8003446A8 = {
			isa = PBXGroup;
			children = (
				A41C676B2A6540E8003446A8 /* Project1 */,
				A41C676A2A6540E8003446A8 /* Products */,
			);
			sourceTree = "<group>";
		};
		A41C676A2A6540E8003446A8 /* Products */ = {
			isa = PBXGroup;
			children = (
				A41C67692A6540E8003446A8 /* Project1.app */,
			);
			name = Products;
			sourceTree = "<group>";
		};
		A41C676B2A6540E8003446A8 /* Project1 */ = {
			isa = PBXGroup;
			children = (
				A41C676C2A6540E8003446A8 /* AppDelegate.swift */,
				A41C676E2A6540E8003446A8 /* SceneDelegate.swift */,
				A41C67702A6540E8003446A8 /* ViewController.swift */,
				A41C67AA2A655868003446A8 /* DetailVC.swift */,
				A41C67722A6540E8003446A8 /* Main.storyboard */,
				A41C67752A6540ED003446A8 /* Assets.xcassets */,
				A41C67772A6540ED003446A8 /* LaunchScreen.storyboard */,
				A41C677A2A6540ED003446A8 /* Info.plist */,
				A41C67952A6543AA003446A8 /* Content */,
			);
			path = Project1;
			sourceTree = "<group>";
		};
		A41C67952A6543AA003446A8 /* Content */ = {
			isa = PBXGroup;
			children = (
				A41C679E2A6543AA003446A8 /* nssl0033.jpg */,
				A41C679F2A6543AA003446A8 /* nssl0034.jpg */,
				A41C679B2A6543AA003446A8 /* nssl0041.jpg */,
				A41C679C2A6543AA003446A8 /* nssl0042.jpg */,
				A41C679D2A6543AA003446A8 /* nssl0043.jpg */,
				A41C67992A6543AA003446A8 /* nssl0045.jpg */,
				A41C67972A6543AA003446A8 /* nssl0046.jpg */,
				A41C67962A6543AA003446A8 /* nssl0049.jpg */,
				A41C679A2A6543AA003446A8 /* nssl0051.jpg */,
				A41C67982A6543AA003446A8 /* nssl0091.jpg */,
			);
			path = Content;
			sourceTree = "<group>";
		};
/* End PBXGroup section */

/* Begin PBXNativeTarget section */
		A41C67682A6540E8003446A8 /* Project1 */ = {
			isa = PBXNativeTarget;
			buildConfigurationList = A41C677D2A6540ED003446A8 /* Build configuration list for PBXNativeTarget "Project1" */;
			buildPhases = (
				A41C67652A6540E8003446A8 /* Sources */,
				A41C67662A6540E8003446A8 /* Frameworks */,
				A41C67672A6540E8003446A8 /* Resources */,
			);
			buildRules = (
			);
			dependencies = (
			);
			name = Project1;
			productName = Project1;
			productReference = A41C67692A6540E8003446A8 /* Project1.app */;
			productType = "com.apple.product-type.application";
		};
/* End PBXNativeTarget section */

/* Begin PBXProject section */
		A41C67612A6540E8003446A8 /* Project object */ = {
			isa = PBXProject;
			attributes = {
				BuildIndependentTargetsInParallel = 1;
				LastSwiftUpdateCheck = 1430;
				LastUpgradeCheck = 1430;
				TargetAttributes = {
					A41C67682A6540E8003446A8 = {
						CreatedOnToolsVersion = 14.3.1;
					};
				};
			};
			buildConfigurationList = A41C67642A6540E8003446A8 /* Build configuration list for PBXProject "Project1" */;
			compatibilityVersion = "Xcode 14.0";
			developmentRegion = en;
			hasScannedForEncodings = 0;
			knownRegions = (
				en,
				Base,
			);
			mainGroup = A41C67602A6540E8003446A8;
			productRefGroup = A41C676A2A6540E8003446A8 /* Products */;
			projectDirPath = "";
			projectRoot = "";
			targets = (
				A41C67682A6540E8003446A8 /* Project1 */,
			);
		};
/* End PBXProject section */

/* Begin PBXResourcesBuildPhase section */
		A41C67672A6540E8003446A8 /* Resources */ = {
			isa = PBXResourcesBuildPhase;
			buildActionMask = 2147483647;
			files = (
				A41C67A12A6543AA003446A8 /* nssl0046.jpg in Resources */,
				A41C67A82A6543AA003446A8 /* nssl0033.jpg in Resources */,
				A41C67A42A6543AA003446A8 /* nssl0051.jpg in Resources */,
				A41C67A22A6543AA003446A8 /* nssl0091.jpg in Resources */,
				A41C67A72A6543AA003446A8 /* nssl0043.jpg in Resources */,
				A41C67A92A6543AA003446A8 /* nssl0034.jpg in Resources */,
				A41C67A02A6543AA003446A8 /* nssl0049.jpg in Resources */,
				A41C67A52A6543AA003446A8 /* nssl0041.jpg in Resources */,
				A41C67A62A6543AA003446A8 /* nssl0042.jpg in Resources */,
				A41C67792A6540ED003446A8 /* LaunchScreen.storyboard in Resources */,
				A41C67762A6540ED003446A8 /* Assets.xcassets in Resources */,
				A41C67A32A6543AA003446A8 /* nssl0045.jpg in Resources */,
				A41C67742A6540E8003446A8 /* Main.storyboard in Resources */,
			);
			runOnlyForDeploymentPostprocessing = 0;
		};
/* End PBXResourcesBuildPhase section */

/* Begin PBXSourcesBuildPhase section */
		A41C67652A6540E8003446A8 /* Sources */ = {
			isa = PBXSourcesBuildPhase;
			buildActionMask = 2147483647;
			files = (
				A41C67712A6540E8003446A8 /* ViewController.swift in Sources */,
				A41C67AB2A655868003446A8 /* DetailVC.swift in Sources */,
				A41C676D2A6540E8003446A8 /* AppDelegate.swift in Sources */,
				A41C676F2A6540E8003446A8 /* SceneDelegate.swift in Sources */,
			);
			runOnlyForDeploymentPostprocessing = 0;
		};
/* End PBXSourcesBuildPhase section */

/* Begin PBXVariantGroup section */
		A41C67722A6540E8003446A8 /* Main.storyboard */ = {
			isa = PBXVariantGroup;
			children = (
				A41C67732A6540E8003446A8 /* Base */,
			);
			name = Main.storyboard;
			sourceTree = "<group>";
		};
		A41C67772A6540ED003446A8 /* LaunchScreen.storyboard */ = {
			isa = PBXVariantGroup;
			children = (
				A41C67782A6540ED003446A8 /* Base */,
			);
			name = LaunchScreen.storyboard;
			sourceTree = "<group>";
		};
/* End PBXVariantGroup section */

/* Begin XCBuildConfiguration section */
		A41C677B2A6540ED003446A8 /* Debug */ = {
			isa = XCBuildConfiguration;
			buildSettings = {
				ALWAYS_SEARCH_USER_PATHS = NO;
				CLANG_ANALYZER_NONNULL = YES;
				CLANG_ANALYZER_NUMBER_OBJECT_CONVERSION = YES_AGGRESSIVE;
				CLANG_CXX_LANGUAGE_STANDARD = "gnu++20";
				CLANG_ENABLE_MODULES = YES;
				CLANG_ENABLE_OBJC_ARC = YES;
				CLANG_ENABLE_OBJC_WEAK = YES;
				CLANG_WARN_BLOCK_CAPTURE_AUTORELEASING = YES;
				CLANG_WARN_BOOL_CONVERSION = YES;
				CLANG_WARN_COMMA = YES;
				CLANG_WARN_CONSTANT_CONVERSION = YES;
				CLANG_WARN_DEPRECATED_OBJC_IMPLEMENTATIONS = YES;
				CLANG_WARN_DIRECT_OBJC_ISA_USAGE = YES_ERROR;
				CLANG_WARN_DOCUMENTATION_COMMENTS = YES;
				CLANG_WARN_EMPTY_BODY = YES;
				CLANG_WARN_ENUM_CONVERSION = YES;
				CLANG_WARN_INFINITE_RECURSION = YES;
				CLANG_WARN_INT_CONVERSION = YES;
				CLANG_WARN_NON_LITERAL_NULL_CONVERSION = YES;
				CLANG_WARN_OBJC_IMPLICIT_RETAIN_SELF = YES;
				CLANG_WARN_OBJC_LITERAL_CONVERSION = YES;
				CLANG_WARN_OBJC_ROOT_CLASS = YES_ERROR;
				CLANG_WARN_QUOTED_INCLUDE_IN_FRAMEWORK_HEADER = YES;
				CLANG_WARN_RANGE_LOOP_ANALYSIS = YES;
				CLANG_WARN_STRICT_PROTOTYPES = YES;
				CLANG_WARN_SUSPICIOUS_MOVE = YES;
				CLANG_WARN_UNGUARDED_AVAILABILITY = YES_AGGRESSIVE;
				CLANG_WARN_UNREACHABLE_CODE = YES;
				CLANG_WARN__DUPLICATE_METHOD_MATCH = YES;
				COPY_PHASE_STRIP = NO;
				DEBUG_INFORMATION_FORMAT = dwarf;
				ENABLE_STRICT_OBJC_MSGSEND = YES;
				ENABLE_TESTABILITY = YES;
				GCC_C_LANGUAGE_STANDARD = gnu11;
				GCC_DYNAMIC_NO_PIC = NO;
				GCC_NO_COMMON_BLOCKS = YES;
				GCC_OPTIMIZATION_LEVEL = 0;
				GCC_PREPROCESSOR_DEFINITIONS = (
					"DEBUG=1",
					"$(inherited)",
				);
				GCC_WARN_64_TO_32_BIT_CONVERSION = YES;
				GCC_WARN_ABOUT_RETURN_TYPE = YES_ERROR;
				GCC_WARN_UNDECLARED_SELECTOR = YES;
				GCC_WARN_UNINITIALIZED_AUTOS = YES_AGGRESSIVE;
				GCC_WARN_UNUSED_FUNCTION = YES;
				GCC_WARN_UNUSED_VARIABLE = YES;
				IPHONEOS_DEPLOYMENT_TARGET = 16.4;
				MTL_ENABLE_DEBUG_INFO = INCLUDE_SOURCE;
				MTL_FAST_MATH = YES;
				ONLY_ACTIVE_ARCH = YES;
				SDKROOT = iphoneos;
				SWIFT_ACTIVE_COMPILATION_CONDITIONS = DEBUG;
				SWIFT_OPTIMIZATION_LEVEL = "-Onone";
			};
			name = Debug;
		};
		A41C677C2A6540ED003446A8 /* Release */ = {
			isa = XCBuildConfiguration;
			buildSettings = {
				ALWAYS_SEARCH_USER_PATHS = NO;
				CLANG_ANALYZER_NONNULL = YES;
				CLANG_ANALYZER_NUMBER_OBJECT_CONVERSION = YES_AGGRESSIVE;
				CLANG_CXX_LANGUAGE_STANDARD = "gnu++20";
				CLANG_ENABLE_MODULES = YES;
				CLANG_ENABLE_OBJC_ARC = YES;
				CLANG_ENABLE_OBJC_WEAK = YES;
				CLANG_WARN_BLOCK_CAPTURE_AUTORELEASING = YES;
				CLANG_WARN_BOOL_CONVERSION = YES;
				CLANG_WARN_COMMA = YES;
				CLANG_WARN_CONSTANT_CONVERSION = YES;
				CLANG_WARN_DEPRECATED_OBJC_IMPLEMENTATIONS = YES;
				CLANG_WARN_DIRECT_OBJC_ISA_USAGE = YES_ERROR;
				CLANG_WARN_DOCUMENTATION_COMMENTS = YES;
				CLANG_WARN_EMPTY_BODY = YES;
				CLANG_WARN_ENUM_CONVERSION = YES;
				CLANG_WARN_INFINITE_RECURSION = YES;
				CLANG_WARN_INT_CONVERSION = YES;
				CLANG_WARN_NON_LITERAL_NULL_CONVERSION = YES;
				CLANG_WARN_OBJC_IMPLICIT_RETAIN_SELF = YES;
				CLANG_WARN_OBJC_LITERAL_CONVERSION = YES;
				CLANG_WARN_OBJC_ROOT_CLASS = YES_ERROR;
				CLANG_WARN_QUOTED_INCLUDE_IN_FRAMEWORK_HEADER = YES;
				CLANG_WARN_RANGE_LOOP_ANALYSIS = YES;
				CLANG_WARN_STRICT_PROTOTYPES = YES;
				CLANG_WARN_SUSPICIOUS_MOVE = YES;
				CLANG_WARN_UNGUARDED_AVAILABILITY = YES_AGGRESSIVE;
				CLANG_WARN_UNREACHABLE_CODE = YES;
				CLANG_WARN__DUPLICATE_METHOD_MATCH = YES;
				COPY_PHASE_STRIP = NO;
				DEBUG_INFORMATION_FORMAT = "dwarf-with-dsym";
				ENABLE_NS_ASSERTIONS = NO;
				ENABLE_STRICT_OBJC_MSGSEND = YES;
				GCC_C_LANGUAGE_STANDARD = gnu11;
				GCC_NO_COMMON_BLOCKS = YES;
				GCC_WARN_64_TO_32_BIT_CONVERSION = YES;
				GCC_WARN_ABOUT_RETURN_TYPE = YES_ERROR;
				GCC_WARN_UNDECLARED_SELECTOR = YES;
				GCC_WARN_UNINITIALIZED_AUTOS = YES_AGGRESSIVE;
				GCC_WARN_UNUSED_FUNCTION = YES;
				GCC_WARN_UNUSED_VARIABLE = YES;
				IPHONEOS_DEPLOYMENT_TARGET = 16.4;
				MTL_ENABLE_DEBUG_INFO = NO;
				MTL_FAST_MATH = YES;
				SDKROOT = iphoneos;
				SWIFT_COMPILATION_MODE = wholemodule;
				SWIFT_OPTIMIZATION_LEVEL = "-O";
				VALIDATE_PRODUCT = YES;
			};
			name = Release;
		};
		A41C677E2A6540ED003446A8 /* Debug */ = {
			isa = XCBuildConfiguration;
			buildSettings = {
				ASSETCATALOG_COMPILER_APPICON_NAME = AppIcon;
				ASSETCATALOG_COMPILER_GLOBAL_ACCENT_COLOR_NAME = AccentColor;
				CODE_SIGN_STYLE = Automatic;
				CURRENT_PROJECT_VERSION = 1;
				GENERATE_INFOPLIST_FILE = YES;
				INFOPLIST_FILE = Project1/Info.plist;
				INFOPLIST_KEY_UIApplicationSupportsIndirectInputEvents = YES;
				INFOPLIST_KEY_UILaunchStoryboardName = LaunchScreen;
				INFOPLIST_KEY_UIMainStoryboardFile = Main;
				INFOPLIST_KEY_UISupportedInterfaceOrientations_iPad = "UIInterfaceOrientationPortrait UIInterfaceOrientationPortraitUpsideDown UIInterfaceOrientationLandscapeLeft UIInterfaceOrientationLandscapeRight";
				INFOPLIST_KEY_UISupportedInterfaceOrientations_iPhone = "UIInterfaceOrientationPortrait UIInterfaceOrientationLandscapeLeft UIInterfaceOrientationLandscapeRight";
				LD_RUNPATH_SEARCH_PATHS = (
					"$(inherited)",
					"@executable_path/Frameworks",
				);
				MARKETING_VERSION = 1.0;
				PRODUCT_BUNDLE_IDENTIFIER = com.adriansfreimanis.Project1;
				PRODUCT_NAME = "$(TARGET_NAME)";
				SWIFT_EMIT_LOC_STRINGS = YES;
				SWIFT_VERSION = 5.0;
				TARGETED_DEVICE_FAMILY = "1,2";
			};
			name = Debug;
		};
		A41C677F2A6540ED003446A8 /* Release */ = {
			isa = XCBuildConfiguration;
			buildSettings = {
				ASSETCATALOG_COMPILER_APPICON_NAME = AppIcon;
				ASSETCATALOG_COMPILER_GLOBAL_ACCENT_COLOR_NAME = AccentColor;
				CODE_SIGN_STYLE = Automatic;
				CURRENT_PROJECT_VERSION = 1;
				GENERATE_INFOPLIST_FILE = YES;
				INFOPLIST_FILE = Project1/Info.plist;
				INFOPLIST_KEY_UIApplicationSupportsIndirectInputEvents = YES;
				INFOPLIST_KEY_UILaunchStoryboardName = LaunchScreen;
				INFOPLIST_KEY_UIMainStoryboardFile = Main;
				INFOPLIST_KEY_UISupportedInterfaceOrientations_iPad = "UIInterfaceOrientationPortrait UIInterfaceOrientationPortraitUpsideDown UIInterfaceOrientationLandscapeLeft UIInterfaceOrientationLandscapeRight";
				INFOPLIST_KEY_UISupportedInterfaceOrientations_iPhone = "UIInterfaceOrientationPortrait UIInterfaceOrientationLandscapeLeft UIInterfaceOrientationLandscapeRight";
				LD_RUNPATH_SEARCH_PATHS = (
					"$(inherited)",
					"@executable_path/Frameworks",
				);
				MARKETING_VERSION = 1.0;
				PRODUCT_BUNDLE_IDENTIFIER = com.adriansfreimanis.Project1;
				PRODUCT_NAME = "$(TARGET_NAME)";
				SWIFT_EMIT_LOC_STRINGS = YES;
				SWIFT_VERSION = 5.0;
				TARGETED_DEVICE_FAMILY = "1,2";
			};
			name = Release;
		};
/* End XCBuildConfiguration section */

/* Begin XCConfigurationList section */
		A41C67642A6540E8003446A8 /* Build configuration list for PBXProject "Project1" */ = {
			isa = XCConfigurationList;
			buildConfigurations = (
				A41C677B2A6540ED003446A8 /* Debug */,
				A41C677C2A6540ED003446A8 /* Release */,
			);
			defaultConfigurationIsVisible = 0;
			defaultConfigurationName = Release;
		};
		A41C677D2A6540ED003446A8 /* Build configuration list for PBXNativeTarget "Project1" */ = {
			isa = XCConfigurationList;
			buildConfigurations = (
				A41C677E2A6540ED003446A8 /* Debug */,
				A41C677F2A6540ED003446A8 /* Release */,
			);
			defaultConfigurationIsVisible = 0;
			defaultConfigurationName = Release;
		};
/* End XCConfigurationList section */
	};
	rootObject = A41C67612A6540E8003446A8 /* Project object */;
}
